
Microsoft Visual Studio Solution File, Format Version 12.00
# Visual Studio Version 16
VisualStudioVersion = 16.0.30011.22
MinimumVisualStudioVersion = 10.0.40219.1
Project("{FAE04EC0-301F-11D3-BF4B-00C04F79EFBC}") = "Macroix", "Macroix\Macroix.csproj", "{66AAD237-C772-4F5F-89AF-CBC6ACC7A851}"
EndProject
Project("{FAE04EC0-301F-11D3-BF4B-00C04F79EFBC}") = "Tests", "Tests\Tests.csproj", "{BD9C67B0-707A-4952-8AFA-7B2C9635B3FE}"
EndProject
Global
	GlobalSection(SolutionConfigurationPlatforms) = preSolution
		Debug|Any CPU = Debug|Any CPU
		Release|Any CPU = Release|Any CPU
	EndGlobalSection
	GlobalSection(ProjectConfigurationPlatforms) = postSolution
		{66AAD237-C772-4F5F-89AF-CBC6ACC7A851}.Debug|Any CPU.ActiveCfg = Debug|Any CPU
		{66AAD237-C772-4F5F-89AF-CBC6ACC7A851}.Debug|Any CPU.Build.0 = Debug|Any CPU
		{66AAD237-C772-4F5F-89AF-CBC6ACC7A851}.Release|Any CPU.ActiveCfg = Release|Any CPU
		{66AAD237-C772-4F5F-89AF-CBC6ACC7A851}.Release|Any CPU.Build.0 = Release|Any CPU
		{BD9C67B0-707A-4952-8AFA-7B2C9635B3FE}.Debug|Any CPU.ActiveCfg = Debug|Any CPU
		{BD9C67B0-707A-4952-8AFA-7B2C9635B3FE}.Debug|Any CPU.Build.0 = Debug|Any CPU
		{BD9C67B0-707A-4952-8AFA-7B2C9635B3FE}.Release|Any CPU.ActiveCfg = Release|Any CPU
		{BD9C67B0-707A-4952-8AFA-7B2C9635B3FE}.Release|Any CPU.Build.0 = Release|Any CPU
	EndGlobalSection
	GlobalSection(SolutionProperties) = preSolution
		HideSolutionNode = FALSE
	EndGlobalSection
	GlobalSection(ExtensibilityGlobals) = postSolution
		SolutionGuid = {C6726324-BBAD-4342-B792-F60AAA2A7C2E}
	EndGlobalSection
EndGlobal
